
Microsoft Visual Studio Solution File, Format Version 12.00
# Visual Studio Version 16
VisualStudioVersion = 16.0.30503.244
MinimumVisualStudioVersion = 10.0.40219.1
Project("{FAE04EC0-301F-11D3-BF4B-00C04F79EFBC}") = "Nunu's Adventures", "Nunu's Adventures.csproj", "{DABAA00D-E55E-4ED5-81AC-5169D04D2F49}"
EndProject
Global
	GlobalSection(SolutionConfigurationPlatforms) = preSolution
		Debug|Any CPU = Debug|Any CPU
		Release|Any CPU = Release|Any CPU
	EndGlobalSection
	GlobalSection(ProjectConfigurationPlatforms) = postSolution
		{DABAA00D-E55E-4ED5-81AC-5169D04D2F49}.Debug|Any CPU.ActiveCfg = Debug|Any CPU
		{DABAA00D-E55E-4ED5-81AC-5169D04D2F49}.Debug|Any CPU.Build.0 = Debug|Any CPU
		{DABAA00D-E55E-4ED5-81AC-5169D04D2F49}.Release|Any CPU.ActiveCfg = Release|Any CPU
		{DABAA00D-E55E-4ED5-81AC-5169D04D2F49}.Release|Any CPU.Build.0 = Release|Any CPU
	EndGlobalSection
	GlobalSection(SolutionProperties) = preSolution
		HideSolutionNode = FALSE
	EndGlobalSection
	GlobalSection(ExtensibilityGlobals) = postSolution
		SolutionGuid = {D34F31F1-F84C-47CC-A0A0-24A5C47D5B7C}
	EndGlobalSection
EndGlobal
